
Microsoft Visual Studio Solution File, Format Version 12.00
# Visual Studio Version 17
VisualStudioVersion = 17.14.36429.23 d17.14
MinimumVisualStudioVersion = 10.0.40219.1
Project("{FAE04EC0-301F-11D3-BF4B-00C04F79EFBC}") = "lab1_adp", "lab1_adp\lab1_adp.csproj", "{D72A9109-7BC4-4A11-B8D4-60571DB1A79C}"
EndProject
Global
	GlobalSection(SolutionConfigurationPlatforms) = preSolution
		Debug|Any CPU = Debug|Any CPU
		Release|Any CPU = Release|Any CPU
	EndGlobalSection
	GlobalSection(ProjectConfigurationPlatforms) = postSolution
		{D72A9109-7BC4-4A11-B8D4-60571DB1A79C}.Debug|Any CPU.ActiveCfg = Debug|Any CPU
		{D72A9109-7BC4-4A11-B8D4-60571DB1A79C}.Debug|Any CPU.Build.0 = Debug|Any CPU
		{D72A9109-7BC4-4A11-B8D4-60571DB1A79C}.Release|Any CPU.ActiveCfg = Release|Any CPU
		{D72A9109-7BC4-4A11-B8D4-60571DB1A79C}.Release|Any CPU.Build.0 = Release|Any CPU
	EndGlobalSection
	GlobalSection(SolutionProperties) = preSolution
		HideSolutionNode = FALSE
	EndGlobalSection
	GlobalSection(ExtensibilityGlobals) = postSolution
		SolutionGuid = {22DC6BF5-C897-4233-8199-BEA75590CAF3}
	EndGlobalSection
EndGlobal
